# This file is automatically @generated by Cargo.
# It is not intended for manual editing.
version = 3

[[package]]
name = "cc"
version = "1.1.5"
source = "registry+https://github.com/rust-lang/crates.io-index"
checksum = "324c74f2155653c90b04f25b2a47a8a631360cb908f92a772695f430c7e31052"
dependencies = [
 "jobserver",
 "libc",
]

[[package]]
name = "fdk-aac"
version = "0.6.0"
source = "registry+https://github.com/rust-lang/crates.io-index"
checksum = "82783876563cce8326c5aad3b6e95b4be4abaa913e3343e8dc2239046fc2c649"
dependencies = [
 "fdk-aac-sys",
]

[[package]]
name = "fdk-aac-sys"
version = "0.5.0"
source = "registry+https://github.com/rust-lang/crates.io-index"
checksum = "24516d2611506d5cb1833555adc75f6baf9fe2706b9c13e6fc33a6b22c51ca83"
dependencies = [
 "cc",
]

[[package]]
name = "jobserver"
version = "0.1.31"
source = "registry+https://github.com/rust-lang/crates.io-index"
checksum = "d2b099aaa34a9751c5bf0878add70444e1ed2dd73f347be99003d4577277de6e"
dependencies = [
 "libc",
]

[[package]]
name = "libc"
version = "0.2.155"
source = "registry+https://github.com/rust-lang/crates.io-index"
checksum = "97b3888a4aecf77e811145cadf6eef5901f4782c53886191b2f693f24761847c"

[[package]]
name = "voicespy_encoder"
version = "0.1.0"
dependencies = [
 "fdk-aac",
]
